
Microsoft Visual Studio Solution File, Format Version 12.00
# Visual Studio Version 16
VisualStudioVersion = 16.0.31702.278
MinimumVisualStudioVersion = 10.0.40219.1
Project("{FAE04EC0-301F-11D3-BF4B-00C04F79EFBC}") = "MissionsManagement", "MissionsManagement\MissionsManagement.csproj", "{2B6516E6-0A20-4051-935E-45A52D944790}"
EndProject
Global
	GlobalSection(SolutionConfigurationPlatforms) = preSolution
		Debug|Any CPU = Debug|Any CPU
		Release|Any CPU = Release|Any CPU
	EndGlobalSection
	GlobalSection(ProjectConfigurationPlatforms) = postSolution
		{2B6516E6-0A20-4051-935E-45A52D944790}.Debug|Any CPU.ActiveCfg = Debug|Any CPU
		{2B6516E6-0A20-4051-935E-45A52D944790}.Debug|Any CPU.Build.0 = Debug|Any CPU
		{2B6516E6-0A20-4051-935E-45A52D944790}.Release|Any CPU.ActiveCfg = Release|Any CPU
		{2B6516E6-0A20-4051-935E-45A52D944790}.Release|Any CPU.Build.0 = Release|Any CPU
	EndGlobalSection
	GlobalSection(SolutionProperties) = preSolution
		HideSolutionNode = FALSE
	EndGlobalSection
	GlobalSection(ExtensibilityGlobals) = postSolution
		SolutionGuid = {61F89704-CE2D-490F-B316-1A31557A4562}
	EndGlobalSection
EndGlobal
